
Microsoft Visual Studio Solution File, Format Version 12.00
# Visual Studio Version 17
VisualStudioVersion = 17.3.32901.215
MinimumVisualStudioVersion = 10.0.40219.1
Project("{9A19103F-16F7-4668-BE54-9A1E7A4F7556}") = "Server", "Server\Server.csproj", "{E1DD9A4A-B9C0-4BD0-B246-BEBC5D5AF8E2}"
EndProject
Project("{9A19103F-16F7-4668-BE54-9A1E7A4F7556}") = "Client", "Client\Client.csproj", "{B49031F6-FB99-43E9-8440-7475E5A436F8}"
EndProject
Project("{2150E333-8FDC-42A3-9474-1A3956D46DE8}") = "Solution Items", "Solution Items", "{19C45B7E-CA4B-46C3-A7BF-59B5E4A287DB}"
	ProjectSection(SolutionItems) = preProject
		.editorconfig = .editorconfig
	EndProjectSection
EndProject
Global
	GlobalSection(SolutionConfigurationPlatforms) = preSolution
		Debug|Any CPU = Debug|Any CPU
		Release|Any CPU = Release|Any CPU
	EndGlobalSection
	GlobalSection(ProjectConfigurationPlatforms) = postSolution
		{E1DD9A4A-B9C0-4BD0-B246-BEBC5D5AF8E2}.Debug|Any CPU.ActiveCfg = Debug|Any CPU
		{E1DD9A4A-B9C0-4BD0-B246-BEBC5D5AF8E2}.Debug|Any CPU.Build.0 = Debug|Any CPU
		{E1DD9A4A-B9C0-4BD0-B246-BEBC5D5AF8E2}.Release|Any CPU.ActiveCfg = Release|Any CPU
		{E1DD9A4A-B9C0-4BD0-B246-BEBC5D5AF8E2}.Release|Any CPU.Build.0 = Release|Any CPU
		{B49031F6-FB99-43E9-8440-7475E5A436F8}.Debug|Any CPU.ActiveCfg = Debug|Any CPU
		{B49031F6-FB99-43E9-8440-7475E5A436F8}.Debug|Any CPU.Build.0 = Debug|Any CPU
		{B49031F6-FB99-43E9-8440-7475E5A436F8}.Release|Any CPU.ActiveCfg = Release|Any CPU
		{B49031F6-FB99-43E9-8440-7475E5A436F8}.Release|Any CPU.Build.0 = Release|Any CPU
	EndGlobalSection
	GlobalSection(SolutionProperties) = preSolution
		HideSolutionNode = FALSE
	EndGlobalSection
	GlobalSection(ExtensibilityGlobals) = postSolution
		SolutionGuid = {2F771BED-9B15-4351-93DD-AF4603CB9C0A}
	EndGlobalSection
EndGlobal
